
Microsoft Visual Studio Solution File, Format Version 12.00
# Visual Studio Version 17
VisualStudioVersion = 17.13.35931.197 d17.13
MinimumVisualStudioVersion = 10.0.40219.1
Project("{FAE04EC0-301F-11D3-BF4B-00C04F79EFBC}") = "KubernetesDemo.UI", "KubernetesDemo.UI\KubernetesDemo.UI.csproj", "{2C373311-4624-42AB-A19B-95014B3E851F}"
EndProject
Project("{FAE04EC0-301F-11D3-BF4B-00C04F79EFBC}") = "KubernetesDemo.UI.Client", "KubernetesDemo.UI.Client\KubernetesDemo.UI.Client.csproj", "{2EB0402A-96F9-4483-BCE9-4EC3F063F940}"
EndProject
Global
	GlobalSection(SolutionConfigurationPlatforms) = preSolution
		Debug|Any CPU = Debug|Any CPU
		Release|Any CPU = Release|Any CPU
	EndGlobalSection
	GlobalSection(ProjectConfigurationPlatforms) = postSolution
		{2C373311-4624-42AB-A19B-95014B3E851F}.Debug|Any CPU.ActiveCfg = Debug|Any CPU
		{2C373311-4624-42AB-A19B-95014B3E851F}.Debug|Any CPU.Build.0 = Debug|Any CPU
		{2C373311-4624-42AB-A19B-95014B3E851F}.Release|Any CPU.ActiveCfg = Release|Any CPU
		{2C373311-4624-42AB-A19B-95014B3E851F}.Release|Any CPU.Build.0 = Release|Any CPU
		{2EB0402A-96F9-4483-BCE9-4EC3F063F940}.Debug|Any CPU.ActiveCfg = Debug|Any CPU
		{2EB0402A-96F9-4483-BCE9-4EC3F063F940}.Debug|Any CPU.Build.0 = Debug|Any CPU
		{2EB0402A-96F9-4483-BCE9-4EC3F063F940}.Release|Any CPU.ActiveCfg = Release|Any CPU
		{2EB0402A-96F9-4483-BCE9-4EC3F063F940}.Release|Any CPU.Build.0 = Release|Any CPU
	EndGlobalSection
	GlobalSection(SolutionProperties) = preSolution
		HideSolutionNode = FALSE
	EndGlobalSection
	GlobalSection(ExtensibilityGlobals) = postSolution
		SolutionGuid = {AB1BF012-50AF-43F4-8E35-BA6196CFB731}
	EndGlobalSection
EndGlobal
